
Microsoft Visual Studio Solution File, Format Version 12.00
# Visual Studio Version 17
VisualStudioVersion = 17.4.34302.79
MinimumVisualStudioVersion = 10.0.40219.1
Project("{9A19103F-16F7-4668-BE54-9A1E7A4F7556}") = "PixelService", "PixelService\PixelService.csproj", "{99CEAE56-DC1D-4DA5-AE5B-D9525E7959F7}"
EndProject
Project("{2150E333-8FDC-42A3-9474-1A3956D46DE8}") = "SolutionItems", "SolutionItems", "{84623881-41FB-4528-8DE2-5C673CE7CAF1}"
	ProjectSection(SolutionItems) = preProject
		..\docker-compose.yml = ..\docker-compose.yml
		..\Deploy\Docker\PixelService\Dockerfile = ..\Deploy\Docker\PixelService\Dockerfile
	EndProjectSection
EndProject
Project("{9A19103F-16F7-4668-BE54-9A1E7A4F7556}") = "Shared", "Shared\Shared.csproj", "{282BB165-8EF5-46D7-B4DB-DC0D82EB87EC}"
EndProject
Project("{FAE04EC0-301F-11D3-BF4B-00C04F79EFBC}") = "StorageService", "StorageService\StorageService.csproj", "{66639BF1-5501-4864-8ED6-E820DFACC84E}"
EndProject
Global
	GlobalSection(SolutionConfigurationPlatforms) = preSolution
		Debug|Any CPU = Debug|Any CPU
		Release|Any CPU = Release|Any CPU
	EndGlobalSection
	GlobalSection(ProjectConfigurationPlatforms) = postSolution
		{99CEAE56-DC1D-4DA5-AE5B-D9525E7959F7}.Debug|Any CPU.ActiveCfg = Debug|Any CPU
		{99CEAE56-DC1D-4DA5-AE5B-D9525E7959F7}.Debug|Any CPU.Build.0 = Debug|Any CPU
		{99CEAE56-DC1D-4DA5-AE5B-D9525E7959F7}.Release|Any CPU.ActiveCfg = Release|Any CPU
		{99CEAE56-DC1D-4DA5-AE5B-D9525E7959F7}.Release|Any CPU.Build.0 = Release|Any CPU
		{282BB165-8EF5-46D7-B4DB-DC0D82EB87EC}.Debug|Any CPU.ActiveCfg = Debug|Any CPU
		{282BB165-8EF5-46D7-B4DB-DC0D82EB87EC}.Debug|Any CPU.Build.0 = Debug|Any CPU
		{282BB165-8EF5-46D7-B4DB-DC0D82EB87EC}.Release|Any CPU.ActiveCfg = Release|Any CPU
		{282BB165-8EF5-46D7-B4DB-DC0D82EB87EC}.Release|Any CPU.Build.0 = Release|Any CPU
		{66639BF1-5501-4864-8ED6-E820DFACC84E}.Debug|Any CPU.ActiveCfg = Debug|Any CPU
		{66639BF1-5501-4864-8ED6-E820DFACC84E}.Debug|Any CPU.Build.0 = Debug|Any CPU
		{66639BF1-5501-4864-8ED6-E820DFACC84E}.Release|Any CPU.ActiveCfg = Release|Any CPU
		{66639BF1-5501-4864-8ED6-E820DFACC84E}.Release|Any CPU.Build.0 = Release|Any CPU
	EndGlobalSection
	GlobalSection(SolutionProperties) = preSolution
		HideSolutionNode = FALSE
	EndGlobalSection
	GlobalSection(ExtensibilityGlobals) = postSolution
		SolutionGuid = {3EA33E8B-8DF7-4AD7-B4E0-A066187998D6}
	EndGlobalSection
EndGlobal
